
Microsoft Visual Studio Solution File, Format Version 12.00
# Visual Studio Version 16
VisualStudioVersion = 16.0.30011.22
MinimumVisualStudioVersion = 10.0.40219.1
Project("{FAE04EC0-301F-11D3-BF4B-00C04F79EFBC}") = "SalesWebMvc", "SalesWebMvc\SalesWebMvc.csproj", "{C27C7554-B825-47AC-A847-A3749DD32BC1}"
EndProject
Global
	GlobalSection(SolutionConfigurationPlatforms) = preSolution
		Debug|Any CPU = Debug|Any CPU
		Release|Any CPU = Release|Any CPU
	EndGlobalSection
	GlobalSection(ProjectConfigurationPlatforms) = postSolution
		{C27C7554-B825-47AC-A847-A3749DD32BC1}.Debug|Any CPU.ActiveCfg = Debug|Any CPU
		{C27C7554-B825-47AC-A847-A3749DD32BC1}.Debug|Any CPU.Build.0 = Debug|Any CPU
		{C27C7554-B825-47AC-A847-A3749DD32BC1}.Release|Any CPU.ActiveCfg = Release|Any CPU
		{C27C7554-B825-47AC-A847-A3749DD32BC1}.Release|Any CPU.Build.0 = Release|Any CPU
	EndGlobalSection
	GlobalSection(SolutionProperties) = preSolution
		HideSolutionNode = FALSE
	EndGlobalSection
	GlobalSection(ExtensibilityGlobals) = postSolution
		SolutionGuid = {F91B702F-DEE9-4A78-BF82-B65BB9427A4A}
	EndGlobalSection
EndGlobal
